// !$*UTF8*$!
{
	archiveVersion = 1;
	classes = {
	};
	objectVersion = 56;
	objects = {

/* Begin PBXBuildFile section */
		57C37B3D2BECE08900BF0B1E /* AppDelegate.swift in Sources */ = {isa = PBXBuildFile; fileRef = 57C37B3C2BECE08900BF0B1E /* AppDelegate.swift */; };
		57C37B3F2BECE08900BF0B1E /* SceneDelegate.swift in Sources */ = {isa = PBXBuildFile; fileRef = 57C37B3E2BECE08900BF0B1E /* SceneDelegate.swift */; };
		57C37B412BECE08900BF0B1E /* AuthViewController.swift in Sources */ = {isa = PBXBuildFile; fileRef = 57C37B402BECE08900BF0B1E /* AuthViewController.swift */; };
		57C37B462BECE08A00BF0B1E /* Assets.xcassets in Resources */ = {isa = PBXBuildFile; fileRef = 57C37B452BECE08A00BF0B1E /* Assets.xcassets */; };
		57C37B492BECE08A00BF0B1E /* Base in Resources */ = {isa = PBXBuildFile; fileRef = 57C37B482BECE08A00BF0B1E /* Base */; };
		57C37B562BECF28000BF0B1E /* AuthViewModel.swift in Sources */ = {isa = PBXBuildFile; fileRef = 57C37B552BECF28000BF0B1E /* AuthViewModel.swift */; };
		57C37B582BECF48C00BF0B1E /* Colors.xcassets in Resources */ = {isa = PBXBuildFile; fileRef = 57C37B572BECF48C00BF0B1E /* Colors.xcassets */; };
		57C37B672BED00CF00BF0B1E /* AppFonts.swift in Sources */ = {isa = PBXBuildFile; fileRef = 57C37B662BED00CF00BF0B1E /* AppFonts.swift */; };
		57C37B6B2BED05AC00BF0B1E /* AppColors.swift in Sources */ = {isa = PBXBuildFile; fileRef = 57C37B6A2BED05AC00BF0B1E /* AppColors.swift */; };
		57C37B6E2BED1FC900BF0B1E /* Strings+Estensions.swift in Sources */ = {isa = PBXBuildFile; fileRef = 57C37B6D2BED1FC900BF0B1E /* Strings+Estensions.swift */; };
		57C37B702BED493B00BF0B1E /* AppTextField.swift in Sources */ = {isa = PBXBuildFile; fileRef = 57C37B6F2BED493B00BF0B1E /* AppTextField.swift */; };
		57C37B722BED528500BF0B1E /* UIViewController+Extensions.swift in Sources */ = {isa = PBXBuildFile; fileRef = 57C37B712BED528500BF0B1E /* UIViewController+Extensions.swift */; };
		57C37B742BED566300BF0B1E /* AppMainButton.swift in Sources */ = {isa = PBXBuildFile; fileRef = 57C37B732BED566300BF0B1E /* AppMainButton.swift */; };
		57C37B772BEE229900BF0B1E /* AlertPresentable.swift in Sources */ = {isa = PBXBuildFile; fileRef = 57C37B762BEE229900BF0B1E /* AlertPresentable.swift */; };
		57C37B7A2BEE22C900BF0B1E /* AlertModel.swift in Sources */ = {isa = PBXBuildFile; fileRef = 57C37B792BEE22C900BF0B1E /* AlertModel.swift */; };
		57C37B7C2BEE231400BF0B1E /* AlertBuilder.swift in Sources */ = {isa = PBXBuildFile; fileRef = 57C37B7B2BEE231400BF0B1E /* AlertBuilder.swift */; };
		57C37B7E2BEE236000BF0B1E /* CommonALertActionModels.swift in Sources */ = {isa = PBXBuildFile; fileRef = 57C37B7D2BEE236000BF0B1E /* CommonALertActionModels.swift */; };
/* End PBXBuildFile section */

/* Begin PBXFileReference section */
		57C37B392BECE08900BF0B1E /* AuthApp.app */ = {isa = PBXFileReference; explicitFileType = wrapper.application; includeInIndex = 0; path = AuthApp.app; sourceTree = BUILT_PRODUCTS_DIR; };
		57C37B3C2BECE08900BF0B1E /* AppDelegate.swift */ = {isa = PBXFileReference; lastKnownFileType = sourcecode.swift; path = AppDelegate.swift; sourceTree = "<group>"; };
		57C37B3E2BECE08900BF0B1E /* SceneDelegate.swift */ = {isa = PBXFileReference; lastKnownFileType = sourcecode.swift; path = SceneDelegate.swift; sourceTree = "<group>"; };
		57C37B402BECE08900BF0B1E /* AuthViewController.swift */ = {isa = PBXFileReference; lastKnownFileType = sourcecode.swift; path = AuthViewController.swift; sourceTree = "<group>"; };
		57C37B452BECE08A00BF0B1E /* Assets.xcassets */ = {isa = PBXFileReference; lastKnownFileType = folder.assetcatalog; path = Assets.xcassets; sourceTree = "<group>"; };
		57C37B482BECE08A00BF0B1E /* Base */ = {isa = PBXFileReference; lastKnownFileType = file.storyboard; name = Base; path = Base.lproj/LaunchScreen.storyboard; sourceTree = "<group>"; };
		57C37B4A2BECE08A00BF0B1E /* Info.plist */ = {isa = PBXFileReference; lastKnownFileType = text.plist.xml; path = Info.plist; sourceTree = "<group>"; };
		57C37B552BECF28000BF0B1E /* AuthViewModel.swift */ = {isa = PBXFileReference; lastKnownFileType = sourcecode.swift; path = AuthViewModel.swift; sourceTree = "<group>"; };
		57C37B572BECF48C00BF0B1E /* Colors.xcassets */ = {isa = PBXFileReference; lastKnownFileType = folder.assetcatalog; path = Colors.xcassets; sourceTree = "<group>"; };
		57C37B662BED00CF00BF0B1E /* AppFonts.swift */ = {isa = PBXFileReference; lastKnownFileType = sourcecode.swift; path = AppFonts.swift; sourceTree = "<group>"; };
		57C37B6A2BED05AC00BF0B1E /* AppColors.swift */ = {isa = PBXFileReference; lastKnownFileType = sourcecode.swift; path = AppColors.swift; sourceTree = "<group>"; };
		57C37B6D2BED1FC900BF0B1E /* Strings+Estensions.swift */ = {isa = PBXFileReference; lastKnownFileType = sourcecode.swift; path = "Strings+Estensions.swift"; sourceTree = "<group>"; };
		57C37B6F2BED493B00BF0B1E /* AppTextField.swift */ = {isa = PBXFileReference; lastKnownFileType = sourcecode.swift; path = AppTextField.swift; sourceTree = "<group>"; };
		57C37B712BED528500BF0B1E /* UIViewController+Extensions.swift */ = {isa = PBXFileReference; lastKnownFileType = sourcecode.swift; path = "UIViewController+Extensions.swift"; sourceTree = "<group>"; };
		57C37B732BED566300BF0B1E /* AppMainButton.swift */ = {isa = PBXFileReference; lastKnownFileType = sourcecode.swift; path = AppMainButton.swift; sourceTree = "<group>"; };
		57C37B762BEE229900BF0B1E /* AlertPresentable.swift */ = {isa = PBXFileReference; lastKnownFileType = sourcecode.swift; path = AlertPresentable.swift; sourceTree = "<group>"; };
		57C37B792BEE22C900BF0B1E /* AlertModel.swift */ = {isa = PBXFileReference; lastKnownFileType = sourcecode.swift; path = AlertModel.swift; sourceTree = "<group>"; };
		57C37B7B2BEE231400BF0B1E /* AlertBuilder.swift */ = {isa = PBXFileReference; lastKnownFileType = sourcecode.swift; path = AlertBuilder.swift; sourceTree = "<group>"; };
		57C37B7D2BEE236000BF0B1E /* CommonALertActionModels.swift */ = {isa = PBXFileReference; lastKnownFileType = sourcecode.swift; path = CommonALertActionModels.swift; sourceTree = "<group>"; };
/* End PBXFileReference section */

/* Begin PBXFrameworksBuildPhase section */
		57C37B362BECE08900BF0B1E /* Frameworks */ = {
			isa = PBXFrameworksBuildPhase;
			buildActionMask = 2147483647;
			files = (
			);
			runOnlyForDeploymentPostprocessing = 0;
		};
/* End PBXFrameworksBuildPhase section */

/* Begin PBXGroup section */
		57C37B302BECE08900BF0B1E = {
			isa = PBXGroup;
			children = (
				57C37B3B2BECE08900BF0B1E /* AuthApp */,
				57C37B3A2BECE08900BF0B1E /* Products */,
			);
			sourceTree = "<group>";
		};
		57C37B3A2BECE08900BF0B1E /* Products */ = {
			isa = PBXGroup;
			children = (
				57C37B392BECE08900BF0B1E /* AuthApp.app */,
			);
			name = Products;
			sourceTree = "<group>";
		};
		57C37B3B2BECE08900BF0B1E /* AuthApp */ = {
			isa = PBXGroup;
			children = (
				57C37B512BECE2C600BF0B1E /* App */,
				57C37B532BECE41B00BF0B1E /* Screens */,
				57C37B522BECE2D500BF0B1E /* Resources */,
				57C37B502BECE2BB00BF0B1E /* ReusableComponents */,
				57C37B6C2BED1FB400BF0B1E /* Extensions */,
			);
			path = AuthApp;
			sourceTree = "<group>";
		};
		57C37B502BECE2BB00BF0B1E /* ReusableComponents */ = {
			isa = PBXGroup;
			children = (
				57C37B752BEE227F00BF0B1E /* Alert */,
				57C37B6F2BED493B00BF0B1E /* AppTextField.swift */,
				57C37B732BED566300BF0B1E /* AppMainButton.swift */,
			);
			path = ReusableComponents;
			sourceTree = "<group>";
		};
		57C37B512BECE2C600BF0B1E /* App */ = {
			isa = PBXGroup;
			children = (
				57C37B3E2BECE08900BF0B1E /* SceneDelegate.swift */,
				57C37B3C2BECE08900BF0B1E /* AppDelegate.swift */,
			);
			path = App;
			sourceTree = "<group>";
		};
		57C37B522BECE2D500BF0B1E /* Resources */ = {
			isa = PBXGroup;
			children = (
				57C37B4A2BECE08A00BF0B1E /* Info.plist */,
				57C37B452BECE08A00BF0B1E /* Assets.xcassets */,
				57C37B572BECF48C00BF0B1E /* Colors.xcassets */,
				57C37B662BED00CF00BF0B1E /* AppFonts.swift */,
				57C37B6A2BED05AC00BF0B1E /* AppColors.swift */,
			);
			path = Resources;
			sourceTree = "<group>";
		};
		57C37B532BECE41B00BF0B1E /* Screens */ = {
			isa = PBXGroup;
			children = (
				57C37B542BECF23D00BF0B1E /* Auth */,
				57C37B472BECE08A00BF0B1E /* LaunchScreen.storyboard */,
			);
			path = Screens;
			sourceTree = "<group>";
		};
		57C37B542BECF23D00BF0B1E /* Auth */ = {
			isa = PBXGroup;
			children = (
				57C37B402BECE08900BF0B1E /* AuthViewController.swift */,
				57C37B552BECF28000BF0B1E /* AuthViewModel.swift */,
			);
			path = Auth;
			sourceTree = "<group>";
		};
		57C37B6C2BED1FB400BF0B1E /* Extensions */ = {
			isa = PBXGroup;
			children = (
				57C37B6D2BED1FC900BF0B1E /* Strings+Estensions.swift */,
				57C37B712BED528500BF0B1E /* UIViewController+Extensions.swift */,
			);
			path = Extensions;
			sourceTree = "<group>";
		};
		57C37B752BEE227F00BF0B1E /* Alert */ = {
			isa = PBXGroup;
			children = (
				57C37B762BEE229900BF0B1E /* AlertPresentable.swift */,
				57C37B792BEE22C900BF0B1E /* AlertModel.swift */,
				57C37B7B2BEE231400BF0B1E /* AlertBuilder.swift */,
				57C37B7D2BEE236000BF0B1E /* CommonALertActionModels.swift */,
			);
			path = Alert;
			sourceTree = "<group>";
		};
/* End PBXGroup section */

/* Begin PBXNativeTarget section */
		57C37B382BECE08900BF0B1E /* AuthApp */ = {
			isa = PBXNativeTarget;
			buildConfigurationList = 57C37B4D2BECE08A00BF0B1E /* Build configuration list for PBXNativeTarget "AuthApp" */;
			buildPhases = (
				57C37B352BECE08900BF0B1E /* Sources */,
				57C37B362BECE08900BF0B1E /* Frameworks */,
				57C37B372BECE08900BF0B1E /* Resources */,
			);
			buildRules = (
			);
			dependencies = (
			);
			name = AuthApp;
			productName = AuthApp;
			productReference = 57C37B392BECE08900BF0B1E /* AuthApp.app */;
			productType = "com.apple.product-type.application";
		};
/* End PBXNativeTarget section */

/* Begin PBXProject section */
		57C37B312BECE08900BF0B1E /* Project object */ = {
			isa = PBXProject;
			attributes = {
				BuildIndependentTargetsInParallel = 1;
				LastSwiftUpdateCheck = 1530;
				LastUpgradeCheck = 1530;
				TargetAttributes = {
					57C37B382BECE08900BF0B1E = {
						CreatedOnToolsVersion = 15.3;
					};
				};
			};
			buildConfigurationList = 57C37B342BECE08900BF0B1E /* Build configuration list for PBXProject "AuthApp" */;
			compatibilityVersion = "Xcode 14.0";
			developmentRegion = en;
			hasScannedForEncodings = 0;
			knownRegions = (
				en,
				Base,
			);
			mainGroup = 57C37B302BECE08900BF0B1E;
			productRefGroup = 57C37B3A2BECE08900BF0B1E /* Products */;
			projectDirPath = "";
			projectRoot = "";
			targets = (
				57C37B382BECE08900BF0B1E /* AuthApp */,
			);
		};
/* End PBXProject section */

/* Begin PBXResourcesBuildPhase section */
		57C37B372BECE08900BF0B1E /* Resources */ = {
			isa = PBXResourcesBuildPhase;
			buildActionMask = 2147483647;
			files = (
				57C37B582BECF48C00BF0B1E /* Colors.xcassets in Resources */,
				57C37B462BECE08A00BF0B1E /* Assets.xcassets in Resources */,
				57C37B492BECE08A00BF0B1E /* Base in Resources */,
			);
			runOnlyForDeploymentPostprocessing = 0;
		};
/* End PBXResourcesBuildPhase section */

/* Begin PBXSourcesBuildPhase section */
		57C37B352BECE08900BF0B1E /* Sources */ = {
			isa = PBXSourcesBuildPhase;
			buildActionMask = 2147483647;
			files = (
				57C37B6B2BED05AC00BF0B1E /* AppColors.swift in Sources */,
				57C37B562BECF28000BF0B1E /* AuthViewModel.swift in Sources */,
				57C37B772BEE229900BF0B1E /* AlertPresentable.swift in Sources */,
				57C37B412BECE08900BF0B1E /* AuthViewController.swift in Sources */,
				57C37B7A2BEE22C900BF0B1E /* AlertModel.swift in Sources */,
				57C37B7C2BEE231400BF0B1E /* AlertBuilder.swift in Sources */,
				57C37B6E2BED1FC900BF0B1E /* Strings+Estensions.swift in Sources */,
				57C37B722BED528500BF0B1E /* UIViewController+Extensions.swift in Sources */,
				57C37B672BED00CF00BF0B1E /* AppFonts.swift in Sources */,
				57C37B742BED566300BF0B1E /* AppMainButton.swift in Sources */,
				57C37B3D2BECE08900BF0B1E /* AppDelegate.swift in Sources */,
				57C37B3F2BECE08900BF0B1E /* SceneDelegate.swift in Sources */,
				57C37B702BED493B00BF0B1E /* AppTextField.swift in Sources */,
				57C37B7E2BEE236000BF0B1E /* CommonALertActionModels.swift in Sources */,
			);
			runOnlyForDeploymentPostprocessing = 0;
		};
/* End PBXSourcesBuildPhase section */

/* Begin PBXVariantGroup section */
		57C37B472BECE08A00BF0B1E /* LaunchScreen.storyboard */ = {
			isa = PBXVariantGroup;
			children = (
				57C37B482BECE08A00BF0B1E /* Base */,
			);
			name = LaunchScreen.storyboard;
			sourceTree = "<group>";
		};
/* End PBXVariantGroup section */

/* Begin XCBuildConfiguration section */
		57C37B4B2BECE08A00BF0B1E /* Debug */ = {
			isa = XCBuildConfiguration;
			buildSettings = {
				ALWAYS_SEARCH_USER_PATHS = NO;
				ASSETCATALOG_COMPILER_GENERATE_SWIFT_ASSET_SYMBOL_EXTENSIONS = YES;
				CLANG_ANALYZER_NONNULL = YES;
				CLANG_ANALYZER_NUMBER_OBJECT_CONVERSION = YES_AGGRESSIVE;
				CLANG_CXX_LANGUAGE_STANDARD = "gnu++20";
				CLANG_ENABLE_MODULES = YES;
				CLANG_ENABLE_OBJC_ARC = YES;
				CLANG_ENABLE_OBJC_WEAK = YES;
				CLANG_WARN_BLOCK_CAPTURE_AUTORELEASING = YES;
				CLANG_WARN_BOOL_CONVERSION = YES;
				CLANG_WARN_COMMA = YES;
				CLANG_WARN_CONSTANT_CONVERSION = YES;
				CLANG_WARN_DEPRECATED_OBJC_IMPLEMENTATIONS = YES;
				CLANG_WARN_DIRECT_OBJC_ISA_USAGE = YES_ERROR;
				CLANG_WARN_DOCUMENTATION_COMMENTS = YES;
				CLANG_WARN_EMPTY_BODY = YES;
				CLANG_WARN_ENUM_CONVERSION = YES;
				CLANG_WARN_INFINITE_RECURSION = YES;
				CLANG_WARN_INT_CONVERSION = YES;
				CLANG_WARN_NON_LITERAL_NULL_CONVERSION = YES;
				CLANG_WARN_OBJC_IMPLICIT_RETAIN_SELF = YES;
				CLANG_WARN_OBJC_LITERAL_CONVERSION = YES;
				CLANG_WARN_OBJC_ROOT_CLASS = YES_ERROR;
				CLANG_WARN_QUOTED_INCLUDE_IN_FRAMEWORK_HEADER = YES;
				CLANG_WARN_RANGE_LOOP_ANALYSIS = YES;
				CLANG_WARN_STRICT_PROTOTYPES = YES;
				CLANG_WARN_SUSPICIOUS_MOVE = YES;
				CLANG_WARN_UNGUARDED_AVAILABILITY = YES_AGGRESSIVE;
				CLANG_WARN_UNREACHABLE_CODE = YES;
				CLANG_WARN__DUPLICATE_METHOD_MATCH = YES;
				COPY_PHASE_STRIP = NO;
				DEBUG_INFORMATION_FORMAT = dwarf;
				ENABLE_STRICT_OBJC_MSGSEND = YES;
				ENABLE_TESTABILITY = YES;
				ENABLE_USER_SCRIPT_SANDBOXING = YES;
				GCC_C_LANGUAGE_STANDARD = gnu17;
				GCC_DYNAMIC_NO_PIC = NO;
				GCC_NO_COMMON_BLOCKS = YES;
				GCC_OPTIMIZATION_LEVEL = 0;
				GCC_PREPROCESSOR_DEFINITIONS = (
					"DEBUG=1",
					"$(inherited)",
				);
				GCC_WARN_64_TO_32_BIT_CONVERSION = YES;
				GCC_WARN_ABOUT_RETURN_TYPE = YES_ERROR;
				GCC_WARN_UNDECLARED_SELECTOR = YES;
				GCC_WARN_UNINITIALIZED_AUTOS = YES_AGGRESSIVE;
				GCC_WARN_UNUSED_FUNCTION = YES;
				GCC_WARN_UNUSED_VARIABLE = YES;
				IPHONEOS_DEPLOYMENT_TARGET = 15.0;
				LOCALIZATION_PREFERS_STRING_CATALOGS = YES;
				MTL_ENABLE_DEBUG_INFO = INCLUDE_SOURCE;
				MTL_FAST_MATH = YES;
				ONLY_ACTIVE_ARCH = YES;
				SDKROOT = iphoneos;
				SWIFT_ACTIVE_COMPILATION_CONDITIONS = "DEBUG $(inherited)";
				SWIFT_OPTIMIZATION_LEVEL = "-Onone";
			};
			name = Debug;
		};
		57C37B4C2BECE08A00BF0B1E /* Release */ = {
			isa = XCBuildConfiguration;
			buildSettings = {
				ALWAYS_SEARCH_USER_PATHS = NO;
				ASSETCATALOG_COMPILER_GENERATE_SWIFT_ASSET_SYMBOL_EXTENSIONS = YES;
				CLANG_ANALYZER_NONNULL = YES;
				CLANG_ANALYZER_NUMBER_OBJECT_CONVERSION = YES_AGGRESSIVE;
				CLANG_CXX_LANGUAGE_STANDARD = "gnu++20";
				CLANG_ENABLE_MODULES = YES;
				CLANG_ENABLE_OBJC_ARC = YES;
				CLANG_ENABLE_OBJC_WEAK = YES;
				CLANG_WARN_BLOCK_CAPTURE_AUTORELEASING = YES;
				CLANG_WARN_BOOL_CONVERSION = YES;
				CLANG_WARN_COMMA = YES;
				CLANG_WARN_CONSTANT_CONVERSION = YES;
				CLANG_WARN_DEPRECATED_OBJC_IMPLEMENTATIONS = YES;
				CLANG_WARN_DIRECT_OBJC_ISA_USAGE = YES_ERROR;
				CLANG_WARN_DOCUMENTATION_COMMENTS = YES;
				CLANG_WARN_EMPTY_BODY = YES;
				CLANG_WARN_ENUM_CONVERSION = YES;
				CLANG_WARN_INFINITE_RECURSION = YES;
				CLANG_WARN_INT_CONVERSION = YES;
				CLANG_WARN_NON_LITERAL_NULL_CONVERSION = YES;
				CLANG_WARN_OBJC_IMPLICIT_RETAIN_SELF = YES;
				CLANG_WARN_OBJC_LITERAL_CONVERSION = YES;
				CLANG_WARN_OBJC_ROOT_CLASS = YES_ERROR;
				CLANG_WARN_QUOTED_INCLUDE_IN_FRAMEWORK_HEADER = YES;
				CLANG_WARN_RANGE_LOOP_ANALYSIS = YES;
				CLANG_WARN_STRICT_PROTOTYPES = YES;
				CLANG_WARN_SUSPICIOUS_MOVE = YES;
				CLANG_WARN_UNGUARDED_AVAILABILITY = YES_AGGRESSIVE;
				CLANG_WARN_UNREACHABLE_CODE = YES;
				CLANG_WARN__DUPLICATE_METHOD_MATCH = YES;
				COPY_PHASE_STRIP = NO;
				DEBUG_INFORMATION_FORMAT = "dwarf-with-dsym";
				ENABLE_NS_ASSERTIONS = NO;
				ENABLE_STRICT_OBJC_MSGSEND = YES;
				ENABLE_USER_SCRIPT_SANDBOXING = YES;
				GCC_C_LANGUAGE_STANDARD = gnu17;
				GCC_NO_COMMON_BLOCKS = YES;
				GCC_WARN_64_TO_32_BIT_CONVERSION = YES;
				GCC_WARN_ABOUT_RETURN_TYPE = YES_ERROR;
				GCC_WARN_UNDECLARED_SELECTOR = YES;
				GCC_WARN_UNINITIALIZED_AUTOS = YES_AGGRESSIVE;
				GCC_WARN_UNUSED_FUNCTION = YES;
				GCC_WARN_UNUSED_VARIABLE = YES;
				IPHONEOS_DEPLOYMENT_TARGET = 15.0;
				LOCALIZATION_PREFERS_STRING_CATALOGS = YES;
				MTL_ENABLE_DEBUG_INFO = NO;
				MTL_FAST_MATH = YES;
				SDKROOT = iphoneos;
				SWIFT_COMPILATION_MODE = wholemodule;
				VALIDATE_PRODUCT = YES;
			};
			name = Release;
		};
		57C37B4E2BECE08A00BF0B1E /* Debug */ = {
			isa = XCBuildConfiguration;
			buildSettings = {
				ASSETCATALOG_COMPILER_APPICON_NAME = AppIcon;
				ASSETCATALOG_COMPILER_GLOBAL_ACCENT_COLOR_NAME = AccentColor;
				CODE_SIGN_STYLE = Automatic;
				CURRENT_PROJECT_VERSION = 1;
				DEVELOPMENT_TEAM = 8RR26756PN;
				GENERATE_INFOPLIST_FILE = YES;
				INFOPLIST_FILE = AuthApp/Resources/Info.plist;
				INFOPLIST_KEY_UIApplicationSupportsIndirectInputEvents = YES;
				INFOPLIST_KEY_UILaunchStoryboardName = LaunchScreen;
				INFOPLIST_KEY_UISupportedInterfaceOrientations = UIInterfaceOrientationPortrait;
				INFOPLIST_KEY_UISupportedInterfaceOrientations_iPad = "UIInterfaceOrientationLandscapeLeft UIInterfaceOrientationLandscapeRight UIInterfaceOrientationPortrait UIInterfaceOrientationPortraitUpsideDown";
				IPHONEOS_DEPLOYMENT_TARGET = 15.0;
				LD_RUNPATH_SEARCH_PATHS = (
					"$(inherited)",
					"@executable_path/Frameworks",
				);
				MARKETING_VERSION = 1.0;
				PRODUCT_BUNDLE_IDENTIFIER = com.IvanBiriukov.AuthApp;
				PRODUCT_NAME = "$(TARGET_NAME)";
				SUPPORTED_PLATFORMS = "iphoneos iphonesimulator";
				SUPPORTS_MACCATALYST = NO;
				SUPPORTS_MAC_DESIGNED_FOR_IPHONE_IPAD = NO;
				SUPPORTS_XR_DESIGNED_FOR_IPHONE_IPAD = NO;
				SWIFT_EMIT_LOC_STRINGS = YES;
				SWIFT_VERSION = 5.0;
				TARGETED_DEVICE_FAMILY = 1;
			};
			name = Debug;
		};
		57C37B4F2BECE08A00BF0B1E /* Release */ = {
			isa = XCBuildConfiguration;
			buildSettings = {
				ASSETCATALOG_COMPILER_APPICON_NAME = AppIcon;
				ASSETCATALOG_COMPILER_GLOBAL_ACCENT_COLOR_NAME = AccentColor;
				CODE_SIGN_STYLE = Automatic;
				CURRENT_PROJECT_VERSION = 1;
				DEVELOPMENT_TEAM = 8RR26756PN;
				GENERATE_INFOPLIST_FILE = YES;
				INFOPLIST_FILE = AuthApp/Resources/Info.plist;
				INFOPLIST_KEY_UIApplicationSupportsIndirectInputEvents = YES;
				INFOPLIST_KEY_UILaunchStoryboardName = LaunchScreen;
				INFOPLIST_KEY_UISupportedInterfaceOrientations = UIInterfaceOrientationPortrait;
				INFOPLIST_KEY_UISupportedInterfaceOrientations_iPad = "UIInterfaceOrientationLandscapeLeft UIInterfaceOrientationLandscapeRight UIInterfaceOrientationPortrait UIInterfaceOrientationPortraitUpsideDown";
				IPHONEOS_DEPLOYMENT_TARGET = 15.0;
				LD_RUNPATH_SEARCH_PATHS = (
					"$(inherited)",
					"@executable_path/Frameworks",
				);
				MARKETING_VERSION = 1.0;
				PRODUCT_BUNDLE_IDENTIFIER = com.IvanBiriukov.AuthApp;
				PRODUCT_NAME = "$(TARGET_NAME)";
				SUPPORTED_PLATFORMS = "iphoneos iphonesimulator";
				SUPPORTS_MACCATALYST = NO;
				SUPPORTS_MAC_DESIGNED_FOR_IPHONE_IPAD = NO;
				SUPPORTS_XR_DESIGNED_FOR_IPHONE_IPAD = NO;
				SWIFT_EMIT_LOC_STRINGS = YES;
				SWIFT_VERSION = 5.0;
				TARGETED_DEVICE_FAMILY = 1;
			};
			name = Release;
		};
/* End XCBuildConfiguration section */

/* Begin XCConfigurationList section */
		57C37B342BECE08900BF0B1E /* Build configuration list for PBXProject "AuthApp" */ = {
			isa = XCConfigurationList;
			buildConfigurations = (
				57C37B4B2BECE08A00BF0B1E /* Debug */,
				57C37B4C2BECE08A00BF0B1E /* Release */,
			);
			defaultConfigurationIsVisible = 0;
			defaultConfigurationName = Release;
		};
		57C37B4D2BECE08A00BF0B1E /* Build configuration list for PBXNativeTarget "AuthApp" */ = {
			isa = XCConfigurationList;
			buildConfigurations = (
				57C37B4E2BECE08A00BF0B1E /* Debug */,
				57C37B4F2BECE08A00BF0B1E /* Release */,
			);
			defaultConfigurationIsVisible = 0;
			defaultConfigurationName = Release;
		};
/* End XCConfigurationList section */
	};
	rootObject = 57C37B312BECE08900BF0B1E /* Project object */;
}
